
Microsoft Visual Studio Solution File, Format Version 11.00
# Visual Studio 2010
Project("{FAE04EC0-301F-11D3-BF4B-00C04F79EFBC}") = "UnityEngine.UI", "UnityEngine.UI.csproj", "{ff8527d1-008a-d49a-39ff-8369ade6a345}"
EndProject
Project("{FAE04EC0-301F-11D3-BF4B-00C04F79EFBC}") = "Wjybxx.BigCat.Core", "Wjybxx.BigCat.Core.csproj", "{9be371b1-2c4e-8363-9645-67270e169afa}"
EndProject
Project("{FAE04EC0-301F-11D3-BF4B-00C04F79EFBC}") = "Wjybxx.BigCat.GamePlay", "Wjybxx.BigCat.GamePlay.csproj", "{2091e686-164b-cb1c-9484-8216e5c13078}"
EndProject
Project("{FAE04EC0-301F-11D3-BF4B-00C04F79EFBC}") = "Wjybxx.BigCat.EditorTests", "Wjybxx.BigCat.EditorTests.csproj", "{a7d06e35-a95f-ede6-56ce-70d210a77692}"
EndProject
Project("{FAE04EC0-301F-11D3-BF4B-00C04F79EFBC}") = "UnityEditor.UI", "UnityEditor.UI.csproj", "{c69cdfb4-e234-2892-09e0-f3bd60e5c932}"
EndProject
Project("{FAE04EC0-301F-11D3-BF4B-00C04F79EFBC}") = "Assembly-CSharp-Editor", "Assembly-CSharp-Editor.csproj", "{dcdcc333-cb76-cd1f-751b-4e7e18d0e2df}"
EndProject
Project("{FAE04EC0-301F-11D3-BF4B-00C04F79EFBC}") = "Assembly-CSharp", "Assembly-CSharp.csproj", "{e189dac3-c670-6c7d-993e-c8f831d35880}"
EndProject
Project("{FAE04EC0-301F-11D3-BF4B-00C04F79EFBC}") = "UnityEngine.UI.Tests", "UnityEngine.UI.Tests.csproj", "{3b6c3db2-6b98-e6a8-9e9b-ea2362e4590a}"
EndProject
Project("{FAE04EC0-301F-11D3-BF4B-00C04F79EFBC}") = "UnityEditor.UI.EditorTests", "UnityEditor.UI.EditorTests.csproj", "{31027d25-aad8-e274-bd04-774772752775}"
EndProject
Project("{FAE04EC0-301F-11D3-BF4B-00C04F79EFBC}") = "Wjybxx.BigCat.Tests", "Wjybxx.BigCat.Tests.csproj", "{c9551e74-e2c3-1fab-4c80-681f1dcde657}"
EndProject
Project("{FAE04EC0-301F-11D3-BF4B-00C04F79EFBC}") = "Assembly-CSharp-firstpass", "Assembly-CSharp-firstpass.csproj", "{b2228651-5090-53a1-e465-3e4bd155181a}"
EndProject
Project("{FAE04EC0-301F-11D3-BF4B-00C04F79EFBC}") = "Assembly-CSharp-Editor-firstpass", "Assembly-CSharp-Editor-firstpass.csproj", "{2b61375c-80af-db25-739d-b40d9ebfe347}"
EndProject
Global
	GlobalSection(SolutionConfigurationPlatforms) = preSolution
		Debug|Any CPU = Debug|Any CPU
	EndGlobalSection
	GlobalSection(ProjectConfigurationPlatforms) = postSolution
		{ff8527d1-008a-d49a-39ff-8369ade6a345}.Debug|Any CPU.ActiveCfg = Debug|Any CPU
		{ff8527d1-008a-d49a-39ff-8369ade6a345}.Debug|Any CPU.Build.0 = Debug|Any CPU
		{9be371b1-2c4e-8363-9645-67270e169afa}.Debug|Any CPU.ActiveCfg = Debug|Any CPU
		{9be371b1-2c4e-8363-9645-67270e169afa}.Debug|Any CPU.Build.0 = Debug|Any CPU
		{2091e686-164b-cb1c-9484-8216e5c13078}.Debug|Any CPU.ActiveCfg = Debug|Any CPU
		{2091e686-164b-cb1c-9484-8216e5c13078}.Debug|Any CPU.Build.0 = Debug|Any CPU
		{a7d06e35-a95f-ede6-56ce-70d210a77692}.Debug|Any CPU.ActiveCfg = Debug|Any CPU
		{a7d06e35-a95f-ede6-56ce-70d210a77692}.Debug|Any CPU.Build.0 = Debug|Any CPU
		{c69cdfb4-e234-2892-09e0-f3bd60e5c932}.Debug|Any CPU.ActiveCfg = Debug|Any CPU
		{c69cdfb4-e234-2892-09e0-f3bd60e5c932}.Debug|Any CPU.Build.0 = Debug|Any CPU
		{dcdcc333-cb76-cd1f-751b-4e7e18d0e2df}.Debug|Any CPU.ActiveCfg = Debug|Any CPU
		{dcdcc333-cb76-cd1f-751b-4e7e18d0e2df}.Debug|Any CPU.Build.0 = Debug|Any CPU
		{e189dac3-c670-6c7d-993e-c8f831d35880}.Debug|Any CPU.ActiveCfg = Debug|Any CPU
		{e189dac3-c670-6c7d-993e-c8f831d35880}.Debug|Any CPU.Build.0 = Debug|Any CPU
		{3b6c3db2-6b98-e6a8-9e9b-ea2362e4590a}.Debug|Any CPU.ActiveCfg = Debug|Any CPU
		{3b6c3db2-6b98-e6a8-9e9b-ea2362e4590a}.Debug|Any CPU.Build.0 = Debug|Any CPU
		{31027d25-aad8-e274-bd04-774772752775}.Debug|Any CPU.ActiveCfg = Debug|Any CPU
		{31027d25-aad8-e274-bd04-774772752775}.Debug|Any CPU.Build.0 = Debug|Any CPU
		{c9551e74-e2c3-1fab-4c80-681f1dcde657}.Debug|Any CPU.ActiveCfg = Debug|Any CPU
		{c9551e74-e2c3-1fab-4c80-681f1dcde657}.Debug|Any CPU.Build.0 = Debug|Any CPU
		{b2228651-5090-53a1-e465-3e4bd155181a}.Debug|Any CPU.ActiveCfg = Debug|Any CPU
		{b2228651-5090-53a1-e465-3e4bd155181a}.Debug|Any CPU.Build.0 = Debug|Any CPU
		{2b61375c-80af-db25-739d-b40d9ebfe347}.Debug|Any CPU.ActiveCfg = Debug|Any CPU
		{2b61375c-80af-db25-739d-b40d9ebfe347}.Debug|Any CPU.Build.0 = Debug|Any CPU
	EndGlobalSection
	GlobalSection(SolutionProperties) = preSolution
		HideSolutionNode = FALSE
	EndGlobalSection
EndGlobal
